# @generated by Move, please check-in and do not edit manually.

[move]
version = 3
manifest_digest = "125B79B7E6037E68D585017460DC080D05C4398F23BB8EA3BB140B3C9402EC13"
deps_digest = "F8BBB0CCB2491CA29A3DF03D6F92277A4F3574266507ACD77214D37ECA3F3082"
dependencies = [
  { id = "Sui", name = "Sui" },
]

[[move.package]]
id = "MoveStdlib"
source = { git = "https://github.com/MystenLabs/sui", rev = "devnet", subdir = "crates/sui-framework/packages/move-stdlib" }

[[move.package]]
id = "Sui"
source = { git = "https://github.com/MystenLabs/sui", rev = "devnet", subdir = "crates/sui-framework/packages/sui-framework" }

dependencies = [
  { id = "MoveStdlib", name = "MoveStdlib" },
]

[move.toolchain-version]
compiler-version = "1.41.1"
edition = "2024"
flavor = "sui"

[env]

[env.local]
chain-id = "9875283b"
original-published-id = "0x98627272fe8fd274952a1519ecb3534413ca7439e25e745a2b4d3ebbb7e379cf"
latest-published-id = "0x98627272fe8fd274952a1519ecb3534413ca7439e25e745a2b4d3ebbb7e379cf"
published-version = "1"

[env.testnet]
chain-id = "4c78adac"
original-published-id = "0xc41457ee7bad111f871f2f0e811b942c23bff4aaf69bf83dbda30b846b2af6a2"
latest-published-id = "0xc41457ee7bad111f871f2f0e811b942c23bff4aaf69bf83dbda30b846b2af6a2"
published-version = "1"
